
Microsoft Visual Studio Solution File, Format Version 12.00
# Visual Studio Version 16
VisualStudioVersion = 16.0.30128.74
MinimumVisualStudioVersion = 10.0.40219.1
Project("{FAE04EC0-301F-11D3-BF4B-00C04F79EFBC}") = "SampleApi", "SampleApi\SampleApi.csproj", "{6E81F332-051B-4F74-B0EC-4DF4DB6DCA0A}"
EndProject
Project("{FAE04EC0-301F-11D3-BF4B-00C04F79EFBC}") = "SampleWeb", "SampleWeb\SampleWeb.csproj", "{A22C039D-A0E7-414A-AAA7-4DDC10C50426}"
EndProject
Project("{FAE04EC0-301F-11D3-BF4B-00C04F79EFBC}") = "TestApi", "TestApi\TestApi.csproj", "{8B403BA3-5DF6-4BFF-84BF-FA61C148D23F}"
EndProject
Global
	GlobalSection(SolutionConfigurationPlatforms) = preSolution
		Debug|Any CPU = Debug|Any CPU
		Release|Any CPU = Release|Any CPU
	EndGlobalSection
	GlobalSection(ProjectConfigurationPlatforms) = postSolution
		{6E81F332-051B-4F74-B0EC-4DF4DB6DCA0A}.Debug|Any CPU.ActiveCfg = Debug|Any CPU
		{6E81F332-051B-4F74-B0EC-4DF4DB6DCA0A}.Debug|Any CPU.Build.0 = Debug|Any CPU
		{6E81F332-051B-4F74-B0EC-4DF4DB6DCA0A}.Release|Any CPU.ActiveCfg = Release|Any CPU
		{6E81F332-051B-4F74-B0EC-4DF4DB6DCA0A}.Release|Any CPU.Build.0 = Release|Any CPU
		{A22C039D-A0E7-414A-AAA7-4DDC10C50426}.Debug|Any CPU.ActiveCfg = Debug|Any CPU
		{A22C039D-A0E7-414A-AAA7-4DDC10C50426}.Debug|Any CPU.Build.0 = Debug|Any CPU
		{A22C039D-A0E7-414A-AAA7-4DDC10C50426}.Release|Any CPU.ActiveCfg = Release|Any CPU
		{A22C039D-A0E7-414A-AAA7-4DDC10C50426}.Release|Any CPU.Build.0 = Release|Any CPU
		{8B403BA3-5DF6-4BFF-84BF-FA61C148D23F}.Debug|Any CPU.ActiveCfg = Debug|Any CPU
		{8B403BA3-5DF6-4BFF-84BF-FA61C148D23F}.Debug|Any CPU.Build.0 = Debug|Any CPU
		{8B403BA3-5DF6-4BFF-84BF-FA61C148D23F}.Release|Any CPU.ActiveCfg = Release|Any CPU
		{8B403BA3-5DF6-4BFF-84BF-FA61C148D23F}.Release|Any CPU.Build.0 = Release|Any CPU
	EndGlobalSection
	GlobalSection(SolutionProperties) = preSolution
		HideSolutionNode = FALSE
	EndGlobalSection
	GlobalSection(ExtensibilityGlobals) = postSolution
		SolutionGuid = {D7357A13-30E8-4432-9E5F-222C53F31449}
	EndGlobalSection
EndGlobal
